// !$*UTF8*$!
{
	archiveVersion = 1;
	classes = {
	};
	objectVersion = 46;
	objects = {

/* Begin PBXBuildFile section */
		0A6A0D48194F19B00083112E /* CardGameViewController.strings in Resources */ = {isa = PBXBuildFile; fileRef = 0A6A0D4A194F19B00083112E /* CardGameViewController.strings */; };
		0A6A0D4B194F19B30083112E /* ScoreTableViewController.strings in Resources */ = {isa = PBXBuildFile; fileRef = 0A6A0D4D194F19B30083112E /* ScoreTableViewController.strings */; };
		0A6A0D4E194F19B80083112E /* CardMatchingGame.strings in Resources */ = {isa = PBXBuildFile; fileRef = 0A6A0D50194F19B80083112E /* CardMatchingGame.strings */; };
		0A6A0D51194F19BC0083112E /* PlayingCard.strings in Resources */ = {isa = PBXBuildFile; fileRef = 0A6A0D53194F19BC0083112E /* PlayingCard.strings */; };
		0A6A0D5D194F1D960083112E /* PlayingCard.m in Sources */ = {isa = PBXBuildFile; fileRef = 0A6A0D5C194F1D960083112E /* PlayingCard.m */; };
		0A6A0D60194F37170083112E /* Storyboard.storyboard in Resources */ = {isa = PBXBuildFile; fileRef = 0A6A0D5E194F37170083112E /* Storyboard.storyboard */; };
		DE204582193E766000C0892F /* BeginViewController.m in Sources */ = {isa = PBXBuildFile; fileRef = DE204581193E766000C0892F /* BeginViewController.m */; };
		DE382E5C18F011000072D9B4 /* CardMatchingGame.m in Sources */ = {isa = PBXBuildFile; fileRef = DE382E5B18F011000072D9B4 /* CardMatchingGame.m */; };
		DE382E6218F011510072D9B4 /* PlayingCardDeck.m in Sources */ = {isa = PBXBuildFile; fileRef = DE382E6018F011510072D9B4 /* PlayingCardDeck.m */; };
		DE4D69D21944AEF9008143CF /* ScoreTableViewController.m in Sources */ = {isa = PBXBuildFile; fileRef = DE4D69D11944AEF9008143CF /* ScoreTableViewController.m */; };
		DE6C59F718EF363E00E6D64D /* Foundation.framework in Frameworks */ = {isa = PBXBuildFile; fileRef = DE6C59F618EF363E00E6D64D /* Foundation.framework */; };
		DE6C59F918EF363E00E6D64D /* CoreGraphics.framework in Frameworks */ = {isa = PBXBuildFile; fileRef = DE6C59F818EF363E00E6D64D /* CoreGraphics.framework */; };
		DE6C59FB18EF363E00E6D64D /* UIKit.framework in Frameworks */ = {isa = PBXBuildFile; fileRef = DE6C59FA18EF363E00E6D64D /* UIKit.framework */; };
		DE6C5A0118EF363E00E6D64D /* InfoPlist.strings in Resources */ = {isa = PBXBuildFile; fileRef = DE6C59FF18EF363E00E6D64D /* InfoPlist.strings */; };
		DE6C5A0318EF363E00E6D64D /* main.m in Sources */ = {isa = PBXBuildFile; fileRef = DE6C5A0218EF363E00E6D64D /* main.m */; };
		DE6C5A0718EF363E00E6D64D /* CardGameAppDelegate.m in Sources */ = {isa = PBXBuildFile; fileRef = DE6C5A0618EF363E00E6D64D /* CardGameAppDelegate.m */; };
		DE6C5A0A18EF363E00E6D64D /* Main.storyboard in Resources */ = {isa = PBXBuildFile; fileRef = DE6C5A0818EF363E00E6D64D /* Main.storyboard */; };
		DE6C5A0D18EF363E00E6D64D /* CardGameViewController.m in Sources */ = {isa = PBXBuildFile; fileRef = DE6C5A0C18EF363E00E6D64D /* CardGameViewController.m */; };
		DE6C5A1618EF363E00E6D64D /* XCTest.framework in Frameworks */ = {isa = PBXBuildFile; fileRef = DE6C5A1518EF363E00E6D64D /* XCTest.framework */; };
		DE6C5A1718EF363E00E6D64D /* Foundation.framework in Frameworks */ = {isa = PBXBuildFile; fileRef = DE6C59F618EF363E00E6D64D /* Foundation.framework */; };
		DE6C5A1818EF363E00E6D64D /* UIKit.framework in Frameworks */ = {isa = PBXBuildFile; fileRef = DE6C59FA18EF363E00E6D64D /* UIKit.framework */; };
		DE6C5A2018EF363E00E6D64D /* InfoPlist.strings in Resources */ = {isa = PBXBuildFile; fileRef = DE6C5A1E18EF363E00E6D64D /* InfoPlist.strings */; };
		DE6C5A2218EF363E00E6D64D /* Cards_GameTests.m in Sources */ = {isa = PBXBuildFile; fileRef = DE6C5A2118EF363E00E6D64D /* Cards_GameTests.m */; };
		DE6C5A2D18EF578600E6D64D /* Card.m in Sources */ = {isa = PBXBuildFile; fileRef = DE6C5A2C18EF578600E6D64D /* Card.m */; };
		DE6C5A3218EF5FAB00E6D64D /* Deck.m in Sources */ = {isa = PBXBuildFile; fileRef = DE6C5A3118EF5FAB00E6D64D /* Deck.m */; };
		DE9D72D018F327EC006949D1 /* Images.xcassets in Resources */ = {isa = PBXBuildFile; fileRef = DE9D72CF18F327EC006949D1 /* Images.xcassets */; };
/* End PBXBuildFile section */

/* Begin PBXContainerItemProxy section */
		DE6C5A1918EF363E00E6D64D /* PBXContainerItemProxy */ = {
			isa = PBXContainerItemProxy;
			containerPortal = DE6C59EB18EF363E00E6D64D /* Project object */;
			proxyType = 1;
			remoteGlobalIDString = DE6C59F218EF363E00E6D64D;
			remoteInfo = Cards_Game;
		};
/* End PBXContainerItemProxy section */

/* Begin PBXFileReference section */
		0A6A0CDB194EF0AE0083112E /* fr */ = {isa = PBXFileReference; lastKnownFileType = text.plist.strings; name = fr; path = fr.lproj/InfoPlist.strings; sourceTree = "<group>"; };
		0A6A0CDC194EF0AE0083112E /* fr */ = {isa = PBXFileReference; lastKnownFileType = text.plist.strings; name = fr; path = fr.lproj/Main.strings; sourceTree = "<group>"; };
		0A6A0CDD194EF0AE0083112E /* fr */ = {isa = PBXFileReference; lastKnownFileType = text.plist.strings; name = fr; path = fr.lproj/InfoPlist.strings; sourceTree = "<group>"; };
		0A6A0D49194F19B00083112E /* Base */ = {isa = PBXFileReference; lastKnownFileType = text.plist.strings; name = Base; path = Base.lproj/CardGameViewController.strings; sourceTree = "<group>"; };
		0A6A0D4C194F19B30083112E /* Base */ = {isa = PBXFileReference; lastKnownFileType = text.plist.strings; name = Base; path = Base.lproj/ScoreTableViewController.strings; sourceTree = "<group>"; };
		0A6A0D4F194F19B80083112E /* Base */ = {isa = PBXFileReference; lastKnownFileType = text.plist.strings; name = Base; path = Base.lproj/CardMatchingGame.strings; sourceTree = "<group>"; };
		0A6A0D52194F19BC0083112E /* Base */ = {isa = PBXFileReference; lastKnownFileType = text.plist.strings; name = Base; path = Base.lproj/PlayingCard.strings; sourceTree = "<group>"; };
		0A6A0D54194F1B440083112E /* en */ = {isa = PBXFileReference; lastKnownFileType = text.plist.strings; name = en; path = en.lproj/CardGameViewController.strings; sourceTree = "<group>"; };
		0A6A0D55194F1B440083112E /* fr */ = {isa = PBXFileReference; lastKnownFileType = text.plist.strings; name = fr; path = fr.lproj/CardGameViewController.strings; sourceTree = "<group>"; };
		0A6A0D56194F1B460083112E /* en */ = {isa = PBXFileReference; lastKnownFileType = text.plist.strings; name = en; path = en.lproj/ScoreTableViewController.strings; sourceTree = "<group>"; };
		0A6A0D57194F1B470083112E /* fr */ = {isa = PBXFileReference; lastKnownFileType = text.plist.strings; name = fr; path = fr.lproj/ScoreTableViewController.strings; sourceTree = "<group>"; };
		0A6A0D58194F1B490083112E /* en */ = {isa = PBXFileReference; lastKnownFileType = text.plist.strings; name = en; path = en.lproj/CardMatchingGame.strings; sourceTree = "<group>"; };
		0A6A0D59194F1B490083112E /* fr */ = {isa = PBXFileReference; lastKnownFileType = text.plist.strings; name = fr; path = fr.lproj/CardMatchingGame.strings; sourceTree = "<group>"; };
		0A6A0D5A194F1B4C0083112E /* en */ = {isa = PBXFileReference; lastKnownFileType = text.plist.strings; name = en; path = en.lproj/PlayingCard.strings; sourceTree = "<group>"; };
		0A6A0D5B194F1B4D0083112E /* fr */ = {isa = PBXFileReference; lastKnownFileType = text.plist.strings; name = fr; path = fr.lproj/PlayingCard.strings; sourceTree = "<group>"; };
		0A6A0D5C194F1D960083112E /* PlayingCard.m */ = {isa = PBXFileReference; fileEncoding = 4; lastKnownFileType = sourcecode.c.objc; name = PlayingCard.m; path = Model/PlayingCard.m; sourceTree = "<group>"; };
		0A6A0D5F194F37170083112E /* Base */ = {isa = PBXFileReference; lastKnownFileType = file.storyboard; name = Base; path = Base.lproj/Storyboard.storyboard; sourceTree = "<group>"; };
		DE204580193E766000C0892F /* BeginViewController.h */ = {isa = PBXFileReference; fileEncoding = 4; lastKnownFileType = sourcecode.c.h; path = BeginViewController.h; sourceTree = "<group>"; };
		DE204581193E766000C0892F /* BeginViewController.m */ = {isa = PBXFileReference; fileEncoding = 4; lastKnownFileType = sourcecode.c.objc; path = BeginViewController.m; sourceTree = "<group>"; };
		DE26819C194F95DA00B30257 /* fr */ = {isa = PBXFileReference; lastKnownFileType = text.plist.strings; name = fr; path = fr.lproj/Storyboard.strings; sourceTree = "<group>"; };
		DE382E5A18F011000072D9B4 /* CardMatchingGame.h */ = {isa = PBXFileReference; fileEncoding = 4; lastKnownFileType = sourcecode.c.h; name = CardMatchingGame.h; path = Model/CardMatchingGame.h; sourceTree = "<group>"; };
		DE382E5B18F011000072D9B4 /* CardMatchingGame.m */ = {isa = PBXFileReference; fileEncoding = 4; lastKnownFileType = sourcecode.c.objc; name = CardMatchingGame.m; path = Model/CardMatchingGame.m; sourceTree = "<group>"; };
		DE382E5D18F011510072D9B4 /* PlayingCard.h */ = {isa = PBXFileReference; fileEncoding = 4; lastKnownFileType = sourcecode.c.h; name = PlayingCard.h; path = Model/PlayingCard.h; sourceTree = "<group>"; };
		DE382E5F18F011510072D9B4 /* PlayingCardDeck.h */ = {isa = PBXFileReference; fileEncoding = 4; lastKnownFileType = sourcecode.c.h; name = PlayingCardDeck.h; path = Model/PlayingCardDeck.h; sourceTree = "<group>"; };
		DE382E6018F011510072D9B4 /* PlayingCardDeck.m */ = {isa = PBXFileReference; fileEncoding = 4; lastKnownFileType = sourcecode.c.objc; name = PlayingCardDeck.m; path = Model/PlayingCardDeck.m; sourceTree = "<group>"; };
		DE4D69D01944AEF9008143CF /* ScoreTableViewController.h */ = {isa = PBXFileReference; fileEncoding = 4; lastKnownFileType = sourcecode.c.h; path = ScoreTableViewController.h; sourceTree = "<group>"; };
		DE4D69D11944AEF9008143CF /* ScoreTableViewController.m */ = {isa = PBXFileReference; fileEncoding = 4; lastKnownFileType = sourcecode.c.objc; path = ScoreTableViewController.m; sourceTree = "<group>"; };
		DE6C59F318EF363E00E6D64D /* Cards Game.app */ = {isa = PBXFileReference; explicitFileType = wrapper.application; includeInIndex = 0; path = "Cards Game.app"; sourceTree = BUILT_PRODUCTS_DIR; };
		DE6C59F618EF363E00E6D64D /* Foundation.framework */ = {isa = PBXFileReference; lastKnownFileType = wrapper.framework; name = Foundation.framework; path = System/Library/Frameworks/Foundation.framework; sourceTree = SDKROOT; };
		DE6C59F818EF363E00E6D64D /* CoreGraphics.framework */ = {isa = PBXFileReference; lastKnownFileType = wrapper.framework; name = CoreGraphics.framework; path = System/Library/Frameworks/CoreGraphics.framework; sourceTree = SDKROOT; };
		DE6C59FA18EF363E00E6D64D /* UIKit.framework */ = {isa = PBXFileReference; lastKnownFileType = wrapper.framework; name = UIKit.framework; path = System/Library/Frameworks/UIKit.framework; sourceTree = SDKROOT; };
		DE6C59FE18EF363E00E6D64D /* Cards Game-Info.plist */ = {isa = PBXFileReference; lastKnownFileType = text.plist.xml; path = "Cards Game-Info.plist"; sourceTree = "<group>"; };
		DE6C5A0018EF363E00E6D64D /* en */ = {isa = PBXFileReference; lastKnownFileType = text.plist.strings; name = en; path = en.lproj/InfoPlist.strings; sourceTree = "<group>"; };
		DE6C5A0218EF363E00E6D64D /* main.m */ = {isa = PBXFileReference; lastKnownFileType = sourcecode.c.objc; path = main.m; sourceTree = "<group>"; };
		DE6C5A0418EF363E00E6D64D /* Cards Game-Prefix.pch */ = {isa = PBXFileReference; lastKnownFileType = sourcecode.c.h; path = "Cards Game-Prefix.pch"; sourceTree = "<group>"; };
		DE6C5A0518EF363E00E6D64D /* CardGameAppDelegate.h */ = {isa = PBXFileReference; lastKnownFileType = sourcecode.c.h; path = CardGameAppDelegate.h; sourceTree = "<group>"; };
		DE6C5A0618EF363E00E6D64D /* CardGameAppDelegate.m */ = {isa = PBXFileReference; lastKnownFileType = sourcecode.c.objc; path = CardGameAppDelegate.m; sourceTree = "<group>"; };
		DE6C5A0918EF363E00E6D64D /* Base */ = {isa = PBXFileReference; lastKnownFileType = file.storyboard; name = Base; path = Base.lproj/Main.storyboard; sourceTree = "<group>"; };
		DE6C5A0B18EF363E00E6D64D /* CardGameViewController.h */ = {isa = PBXFileReference; lastKnownFileType = sourcecode.c.h; path = CardGameViewController.h; sourceTree = "<group>"; };
		DE6C5A0C18EF363E00E6D64D /* CardGameViewController.m */ = {isa = PBXFileReference; lastKnownFileType = sourcecode.c.objc; path = CardGameViewController.m; sourceTree = "<group>"; };
		DE6C5A1418EF363E00E6D64D /* Cards GameTests.xctest */ = {isa = PBXFileReference; explicitFileType = wrapper.cfbundle; includeInIndex = 0; path = "Cards GameTests.xctest"; sourceTree = BUILT_PRODUCTS_DIR; };
		DE6C5A1518EF363E00E6D64D /* XCTest.framework */ = {isa = PBXFileReference; lastKnownFileType = wrapper.framework; name = XCTest.framework; path = Library/Frameworks/XCTest.framework; sourceTree = DEVELOPER_DIR; };
		DE6C5A1D18EF363E00E6D64D /* Cards_GameTests-Info.plist */ = {isa = PBXFileReference; lastKnownFileType = text.plist.xml; path = "Cards_GameTests-Info.plist"; sourceTree = "<group>"; };
		DE6C5A1F18EF363E00E6D64D /* en */ = {isa = PBXFileReference; lastKnownFileType = text.plist.strings; name = en; path = en.lproj/InfoPlist.strings; sourceTree = "<group>"; };
		DE6C5A2118EF363E00E6D64D /* Cards_GameTests.m */ = {isa = PBXFileReference; lastKnownFileType = sourcecode.c.objc; path = Cards_GameTests.m; sourceTree = "<group>"; };
		DE6C5A2B18EF578600E6D64D /* Card.h */ = {isa = PBXFileReference; fileEncoding = 4; lastKnownFileType = sourcecode.c.h; name = Card.h; path = Model/Card.h; sourceTree = "<group>"; };
		DE6C5A2C18EF578600E6D64D /* Card.m */ = {isa = PBXFileReference; fileEncoding = 4; lastKnownFileType = sourcecode.c.objc; name = Card.m; path = Model/Card.m; sourceTree = "<group>"; };
		DE6C5A3018EF5FAB00E6D64D /* Deck.h */ = {isa = PBXFileReference; fileEncoding = 4; lastKnownFileType = sourcecode.c.h; name = Deck.h; path = Model/Deck.h; sourceTree = "<group>"; };
		DE6C5A3118EF5FAB00E6D64D /* Deck.m */ = {isa = PBXFileReference; fileEncoding = 4; lastKnownFileType = sourcecode.c.objc; name = Deck.m; path = Model/Deck.m; sourceTree = "<group>"; };
		DE9D72CF18F327EC006949D1 /* Images.xcassets */ = {isa = PBXFileReference; lastKnownFileType = folder.assetcatalog; path = Images.xcassets; sourceTree = "<group>"; };
/* End PBXFileReference section */

/* Begin PBXFrameworksBuildPhase section */
		DE6C59F018EF363E00E6D64D /* Frameworks */ = {
			isa = PBXFrameworksBuildPhase;
			buildActionMask = 2147483647;
			files = (
				DE6C59F918EF363E00E6D64D /* CoreGraphics.framework in Frameworks */,
				DE6C59FB18EF363E00E6D64D /* UIKit.framework in Frameworks */,
				DE6C59F718EF363E00E6D64D /* Foundation.framework in Frameworks */,
			);
			runOnlyForDeploymentPostprocessing = 0;
		};
		DE6C5A1118EF363E00E6D64D /* Frameworks */ = {
			isa = PBXFrameworksBuildPhase;
			buildActionMask = 2147483647;
			files = (
				DE6C5A1618EF363E00E6D64D /* XCTest.framework in Frameworks */,
				DE6C5A1818EF363E00E6D64D /* UIKit.framework in Frameworks */,
				DE6C5A1718EF363E00E6D64D /* Foundation.framework in Frameworks */,
			);
			runOnlyForDeploymentPostprocessing = 0;
		};
/* End PBXFrameworksBuildPhase section */

/* Begin PBXGroup section */
		DE4D69D31944AF03008143CF /* Controllers */ = {
			isa = PBXGroup;
			children = (
				DE4D69D01944AEF9008143CF /* ScoreTableViewController.h */,
				DE4D69D11944AEF9008143CF /* ScoreTableViewController.m */,
				DE204580193E766000C0892F /* BeginViewController.h */,
				DE204581193E766000C0892F /* BeginViewController.m */,
				DE6C5A0B18EF363E00E6D64D /* CardGameViewController.h */,
				DE6C5A0C18EF363E00E6D64D /* CardGameViewController.m */,
			);
			name = Controllers;
			sourceTree = "<group>";
		};
		DE4D69D41944AF0C008143CF /* View */ = {
			isa = PBXGroup;
			children = (
				0A6A0D4A194F19B00083112E /* CardGameViewController.strings */,
				0A6A0D4D194F19B30083112E /* ScoreTableViewController.strings */,
				0A6A0D50194F19B80083112E /* CardMatchingGame.strings */,
				0A6A0D53194F19BC0083112E /* PlayingCard.strings */,
				DE6C5A0818EF363E00E6D64D /* Main.storyboard */,
				0A6A0D5E194F37170083112E /* Storyboard.storyboard */,
			);
			name = View;
			sourceTree = "<group>";
		};
		DE6C59EA18EF363E00E6D64D = {
			isa = PBXGroup;
			children = (
				DE6C59FC18EF363E00E6D64D /* Cards_Game */,
				DE6C5A1B18EF363E00E6D64D /* Cards_GameTests */,
				DE6C59F518EF363E00E6D64D /* Frameworks */,
				DE6C59F418EF363E00E6D64D /* Products */,
			);
			sourceTree = "<group>";
		};
		DE6C59F418EF363E00E6D64D /* Products */ = {
			isa = PBXGroup;
			children = (
				DE6C59F318EF363E00E6D64D /* Cards Game.app */,
				DE6C5A1418EF363E00E6D64D /* Cards GameTests.xctest */,
			);
			name = Products;
			sourceTree = "<group>";
		};
		DE6C59F518EF363E00E6D64D /* Frameworks */ = {
			isa = PBXGroup;
			children = (
				DE6C59F618EF363E00E6D64D /* Foundation.framework */,
				DE6C59F818EF363E00E6D64D /* CoreGraphics.framework */,
				DE6C59FA18EF363E00E6D64D /* UIKit.framework */,
				DE6C5A1518EF363E00E6D64D /* XCTest.framework */,
			);
			name = Frameworks;
			sourceTree = "<group>";
		};
		DE6C59FC18EF363E00E6D64D /* Cards_Game */ = {
			isa = PBXGroup;
			children = (
				DE6C5A2F18EF57DD00E6D64D /* Model */,
				DE4D69D41944AF0C008143CF /* View */,
				DE4D69D31944AF03008143CF /* Controllers */,
				DE9D72CF18F327EC006949D1 /* Images.xcassets */,
				DE6C59FD18EF363E00E6D64D /* Supporting Files */,
			);
			path = Cards_Game;
			sourceTree = "<group>";
		};
		DE6C59FD18EF363E00E6D64D /* Supporting Files */ = {
			isa = PBXGroup;
			children = (
				DE6C5A0518EF363E00E6D64D /* CardGameAppDelegate.h */,
				DE6C5A0618EF363E00E6D64D /* CardGameAppDelegate.m */,
				DE6C59FE18EF363E00E6D64D /* Cards Game-Info.plist */,
				DE6C59FF18EF363E00E6D64D /* InfoPlist.strings */,
				DE6C5A0218EF363E00E6D64D /* main.m */,
				DE6C5A0418EF363E00E6D64D /* Cards Game-Prefix.pch */,
			);
			name = "Supporting Files";
			sourceTree = "<group>";
		};
		DE6C5A1B18EF363E00E6D64D /* Cards_GameTests */ = {
			isa = PBXGroup;
			children = (
				DE6C5A2118EF363E00E6D64D /* Cards_GameTests.m */,
				DE6C5A1C18EF363E00E6D64D /* Supporting Files */,
			);
			path = Cards_GameTests;
			sourceTree = "<group>";
		};
		DE6C5A1C18EF363E00E6D64D /* Supporting Files */ = {
			isa = PBXGroup;
			children = (
				DE6C5A1D18EF363E00E6D64D /* Cards_GameTests-Info.plist */,
				DE6C5A1E18EF363E00E6D64D /* InfoPlist.strings */,
			);
			name = "Supporting Files";
			sourceTree = "<group>";
		};
		DE6C5A2F18EF57DD00E6D64D /* Model */ = {
			isa = PBXGroup;
			children = (
				DE6C5A2B18EF578600E6D64D /* Card.h */,
				DE6C5A2C18EF578600E6D64D /* Card.m */,
				DE382E5D18F011510072D9B4 /* PlayingCard.h */,
				0A6A0D5C194F1D960083112E /* PlayingCard.m */,
				DE382E5F18F011510072D9B4 /* PlayingCardDeck.h */,
				DE382E6018F011510072D9B4 /* PlayingCardDeck.m */,
				DE6C5A3018EF5FAB00E6D64D /* Deck.h */,
				DE6C5A3118EF5FAB00E6D64D /* Deck.m */,
				DE382E5A18F011000072D9B4 /* CardMatchingGame.h */,
				DE382E5B18F011000072D9B4 /* CardMatchingGame.m */,
			);
			name = Model;
			sourceTree = "<group>";
		};
/* End PBXGroup section */

/* Begin PBXNativeTarget section */
		DE6C59F218EF363E00E6D64D /* Cards Game */ = {
			isa = PBXNativeTarget;
			buildConfigurationList = DE6C5A2518EF363E00E6D64D /* Build configuration list for PBXNativeTarget "Cards Game" */;
			buildPhases = (
				DE6C59EF18EF363E00E6D64D /* Sources */,
				DE6C59F018EF363E00E6D64D /* Frameworks */,
				DE6C59F118EF363E00E6D64D /* Resources */,
			);
			buildRules = (
			);
			dependencies = (
			);
			name = "Cards Game";
			productName = Cards_Game;
			productReference = DE6C59F318EF363E00E6D64D /* Cards Game.app */;
			productType = "com.apple.product-type.application";
		};
		DE6C5A1318EF363E00E6D64D /* Cards GameTests */ = {
			isa = PBXNativeTarget;
			buildConfigurationList = DE6C5A2818EF363E00E6D64D /* Build configuration list for PBXNativeTarget "Cards GameTests" */;
			buildPhases = (
				DE6C5A1018EF363E00E6D64D /* Sources */,
				DE6C5A1118EF363E00E6D64D /* Frameworks */,
				DE6C5A1218EF363E00E6D64D /* Resources */,
			);
			buildRules = (
			);
			dependencies = (
				DE6C5A1A18EF363E00E6D64D /* PBXTargetDependency */,
			);
			name = "Cards GameTests";
			productName = Cards_GameTests;
			productReference = DE6C5A1418EF363E00E6D64D /* Cards GameTests.xctest */;
			productType = "com.apple.product-type.bundle.unit-test";
		};
/* End PBXNativeTarget section */

/* Begin PBXProject section */
		DE6C59EB18EF363E00E6D64D /* Project object */ = {
			isa = PBXProject;
			attributes = {
				LastUpgradeCheck = 0510;
				ORGANIZATIONNAME = KEVIN;
				TargetAttributes = {
					DE6C59F218EF363E00E6D64D = {
						DevelopmentTeam = 87MBRGVD5R;
						SystemCapabilities = {
							com.apple.BackgroundModes = {
								enabled = 1;
							};
						};
					};
					DE6C5A1318EF363E00E6D64D = {
						TestTargetID = DE6C59F218EF363E00E6D64D;
					};
				};
			};
			buildConfigurationList = DE6C59EE18EF363E00E6D64D /* Build configuration list for PBXProject "Cards Game" */;
			compatibilityVersion = "Xcode 3.2";
			developmentRegion = English;
			hasScannedForEncodings = 0;
			knownRegions = (
				en,
				Base,
				fr,
			);
			mainGroup = DE6C59EA18EF363E00E6D64D;
			productRefGroup = DE6C59F418EF363E00E6D64D /* Products */;
			projectDirPath = "";
			projectRoot = "";
			targets = (
				DE6C59F218EF363E00E6D64D /* Cards Game */,
				DE6C5A1318EF363E00E6D64D /* Cards GameTests */,
			);
		};
/* End PBXProject section */

/* Begin PBXResourcesBuildPhase section */
		DE6C59F118EF363E00E6D64D /* Resources */ = {
			isa = PBXResourcesBuildPhase;
			buildActionMask = 2147483647;
			files = (
				DE9D72D018F327EC006949D1 /* Images.xcassets in Resources */,
				0A6A0D51194F19BC0083112E /* PlayingCard.strings in Resources */,
				DE6C5A0118EF363E00E6D64D /* InfoPlist.strings in Resources */,
				DE6C5A0A18EF363E00E6D64D /* Main.storyboard in Resources */,
				0A6A0D4E194F19B80083112E /* CardMatchingGame.strings in Resources */,
				0A6A0D60194F37170083112E /* Storyboard.storyboard in Resources */,
				0A6A0D4B194F19B30083112E /* ScoreTableViewController.strings in Resources */,
				0A6A0D48194F19B00083112E /* CardGameViewController.strings in Resources */,
			);
			runOnlyForDeploymentPostprocessing = 0;
		};
		DE6C5A1218EF363E00E6D64D /* Resources */ = {
			isa = PBXResourcesBuildPhase;
			buildActionMask = 2147483647;
			files = (
				DE6C5A2018EF363E00E6D64D /* InfoPlist.strings in Resources */,
			);
			runOnlyForDeploymentPostprocessing = 0;
		};
/* End PBXResourcesBuildPhase section */

/* Begin PBXSourcesBuildPhase section */
		DE6C59EF18EF363E00E6D64D /* Sources */ = {
			isa = PBXSourcesBuildPhase;
			buildActionMask = 2147483647;
			files = (
				DE6C5A3218EF5FAB00E6D64D /* Deck.m in Sources */,
				DE4D69D21944AEF9008143CF /* ScoreTableViewController.m in Sources */,
				DE6C5A0D18EF363E00E6D64D /* CardGameViewController.m in Sources */,
				DE382E6218F011510072D9B4 /* PlayingCardDeck.m in Sources */,
				DE382E5C18F011000072D9B4 /* CardMatchingGame.m in Sources */,
				DE6C5A0718EF363E00E6D64D /* CardGameAppDelegate.m in Sources */,
				DE6C5A0318EF363E00E6D64D /* main.m in Sources */,
				DE204582193E766000C0892F /* BeginViewController.m in Sources */,
				0A6A0D5D194F1D960083112E /* PlayingCard.m in Sources */,
				DE6C5A2D18EF578600E6D64D /* Card.m in Sources */,
			);
			runOnlyForDeploymentPostprocessing = 0;
		};
		DE6C5A1018EF363E00E6D64D /* Sources */ = {
			isa = PBXSourcesBuildPhase;
			buildActionMask = 2147483647;
			files = (
				DE6C5A2218EF363E00E6D64D /* Cards_GameTests.m in Sources */,
			);
			runOnlyForDeploymentPostprocessing = 0;
		};
/* End PBXSourcesBuildPhase section */

/* Begin PBXTargetDependency section */
		DE6C5A1A18EF363E00E6D64D /* PBXTargetDependency */ = {
			isa = PBXTargetDependency;
			target = DE6C59F218EF363E00E6D64D /* Cards Game */;
			targetProxy = DE6C5A1918EF363E00E6D64D /* PBXContainerItemProxy */;
		};
/* End PBXTargetDependency section */

/* Begin PBXVariantGroup section */
		0A6A0D4A194F19B00083112E /* CardGameViewController.strings */ = {
			isa = PBXVariantGroup;
			children = (
				0A6A0D49194F19B00083112E /* Base */,
				0A6A0D54194F1B440083112E /* en */,
				0A6A0D55194F1B440083112E /* fr */,
			);
			name = CardGameViewController.strings;
			sourceTree = "<group>";
		};
		0A6A0D4D194F19B30083112E /* ScoreTableViewController.strings */ = {
			isa = PBXVariantGroup;
			children = (
				0A6A0D4C194F19B30083112E /* Base */,
				0A6A0D56194F1B460083112E /* en */,
				0A6A0D57194F1B470083112E /* fr */,
			);
			name = ScoreTableViewController.strings;
			sourceTree = "<group>";
		};
		0A6A0D50194F19B80083112E /* CardMatchingGame.strings */ = {
			isa = PBXVariantGroup;
			children = (
				0A6A0D4F194F19B80083112E /* Base */,
				0A6A0D58194F1B490083112E /* en */,
				0A6A0D59194F1B490083112E /* fr */,
			);
			name = CardMatchingGame.strings;
			path = Model;
			sourceTree = "<group>";
		};
		0A6A0D53194F19BC0083112E /* PlayingCard.strings */ = {
			isa = PBXVariantGroup;
			children = (
				0A6A0D52194F19BC0083112E /* Base */,
				0A6A0D5A194F1B4C0083112E /* en */,
				0A6A0D5B194F1B4D0083112E /* fr */,
			);
			name = PlayingCard.strings;
			path = Model;
			sourceTree = "<group>";
		};
		0A6A0D5E194F37170083112E /* Storyboard.storyboard */ = {
			isa = PBXVariantGroup;
			children = (
				0A6A0D5F194F37170083112E /* Base */,
				DE26819C194F95DA00B30257 /* fr */,
			);
			name = Storyboard.storyboard;
			sourceTree = "<group>";
		};
		DE6C59FF18EF363E00E6D64D /* InfoPlist.strings */ = {
			isa = PBXVariantGroup;
			children = (
				DE6C5A0018EF363E00E6D64D /* en */,
				0A6A0CDB194EF0AE0083112E /* fr */,
			);
			name = InfoPlist.strings;
			sourceTree = "<group>";
		};
		DE6C5A0818EF363E00E6D64D /* Main.storyboard */ = {
			isa = PBXVariantGroup;
			children = (
				DE6C5A0918EF363E00E6D64D /* Base */,
				0A6A0CDC194EF0AE0083112E /* fr */,
			);
			name = Main.storyboard;
			sourceTree = "<group>";
		};
		DE6C5A1E18EF363E00E6D64D /* InfoPlist.strings */ = {
			isa = PBXVariantGroup;
			children = (
				DE6C5A1F18EF363E00E6D64D /* en */,
				0A6A0CDD194EF0AE0083112E /* fr */,
			);
			name = InfoPlist.strings;
			sourceTree = "<group>";
		};
/* End PBXVariantGroup section */

/* Begin XCBuildConfiguration section */
		DE6C5A2318EF363E00E6D64D /* Debug */ = {
			isa = XCBuildConfiguration;
			buildSettings = {
				ALWAYS_SEARCH_USER_PATHS = NO;
				CLANG_CXX_LANGUAGE_STANDARD = "gnu++0x";
				CLANG_CXX_LIBRARY = "libc++";
				CLANG_ENABLE_MODULES = YES;
				CLANG_ENABLE_OBJC_ARC = YES;
				CLANG_WARN_BOOL_CONVERSION = YES;
				CLANG_WARN_CONSTANT_CONVERSION = YES;
				CLANG_WARN_DIRECT_OBJC_ISA_USAGE = YES_ERROR;
				CLANG_WARN_EMPTY_BODY = YES;
				CLANG_WARN_ENUM_CONVERSION = YES;
				CLANG_WARN_INT_CONVERSION = YES;
				CLANG_WARN_OBJC_ROOT_CLASS = YES_ERROR;
				CLANG_WARN__DUPLICATE_METHOD_MATCH = YES;
				"CODE_SIGN_IDENTITY[sdk=iphoneos*]" = "iPhone Developer";
				COPY_PHASE_STRIP = NO;
				GCC_C_LANGUAGE_STANDARD = gnu99;
				GCC_DYNAMIC_NO_PIC = NO;
				GCC_OPTIMIZATION_LEVEL = 0;
				GCC_PREPROCESSOR_DEFINITIONS = (
					"DEBUG=1",
					"$(inherited)",
				);
				GCC_SYMBOLS_PRIVATE_EXTERN = NO;
				GCC_WARN_64_TO_32_BIT_CONVERSION = YES;
				GCC_WARN_ABOUT_RETURN_TYPE = YES_ERROR;
				GCC_WARN_UNDECLARED_SELECTOR = YES;
				GCC_WARN_UNINITIALIZED_AUTOS = YES_AGGRESSIVE;
				GCC_WARN_UNUSED_FUNCTION = YES;
				GCC_WARN_UNUSED_VARIABLE = YES;
				IPHONEOS_DEPLOYMENT_TARGET = 7.1;
				ONLY_ACTIVE_ARCH = YES;
				SDKROOT = iphoneos;
			};
			name = Debug;
		};
		DE6C5A2418EF363E00E6D64D /* Release */ = {
			isa = XCBuildConfiguration;
			buildSettings = {
				ALWAYS_SEARCH_USER_PATHS = NO;
				CLANG_CXX_LANGUAGE_STANDARD = "gnu++0x";
				CLANG_CXX_LIBRARY = "libc++";
				CLANG_ENABLE_MODULES = YES;
				CLANG_ENABLE_OBJC_ARC = YES;
				CLANG_WARN_BOOL_CONVERSION = YES;
				CLANG_WARN_CONSTANT_CONVERSION = YES;
				CLANG_WARN_DIRECT_OBJC_ISA_USAGE = YES_ERROR;
				CLANG_WARN_EMPTY_BODY = YES;
				CLANG_WARN_ENUM_CONVERSION = YES;
				CLANG_WARN_INT_CONVERSION = YES;
				CLANG_WARN_OBJC_ROOT_CLASS = YES_ERROR;
				CLANG_WARN__DUPLICATE_METHOD_MATCH = YES;
				"CODE_SIGN_IDENTITY[sdk=iphoneos*]" = "iPhone Developer";
				COPY_PHASE_STRIP = YES;
				ENABLE_NS_ASSERTIONS = NO;
				GCC_C_LANGUAGE_STANDARD = gnu99;
				GCC_WARN_64_TO_32_BIT_CONVERSION = YES;
				GCC_WARN_ABOUT_RETURN_TYPE = YES_ERROR;
				GCC_WARN_UNDECLARED_SELECTOR = YES;
				GCC_WARN_UNINITIALIZED_AUTOS = YES_AGGRESSIVE;
				GCC_WARN_UNUSED_FUNCTION = YES;
				GCC_WARN_UNUSED_VARIABLE = YES;
				IPHONEOS_DEPLOYMENT_TARGET = 7.1;
				SDKROOT = iphoneos;
				VALIDATE_PRODUCT = YES;
			};
			name = Release;
		};
		DE6C5A2618EF363E00E6D64D /* Debug */ = {
			isa = XCBuildConfiguration;
			buildSettings = {
				ASSETCATALOG_COMPILER_APPICON_NAME = "AppIcon-2";
				ASSETCATALOG_COMPILER_LAUNCHIMAGE_NAME = "LaunchImage-1";
				CODE_SIGN_IDENTITY = "iPhone Developer";
				"CODE_SIGN_IDENTITY[sdk=iphoneos*]" = "iPhone Developer";
				GCC_PRECOMPILE_PREFIX_HEADER = YES;
				GCC_PREFIX_HEADER = "Cards_Game/Cards Game-Prefix.pch";
				INFOPLIST_FILE = "Cards_Game/Cards Game-Info.plist";
				IPHONEOS_DEPLOYMENT_TARGET = 7.1;
				PRODUCT_NAME = "Cards Game";
				PROVISIONING_PROFILE = "";
				TARGETED_DEVICE_FAMILY = "1,2";
				WRAPPER_EXTENSION = app;
			};
			name = Debug;
		};
		DE6C5A2718EF363E00E6D64D /* Release */ = {
			isa = XCBuildConfiguration;
			buildSettings = {
				ASSETCATALOG_COMPILER_APPICON_NAME = "AppIcon-2";
				ASSETCATALOG_COMPILER_LAUNCHIMAGE_NAME = "LaunchImage-1";
				CODE_SIGN_IDENTITY = "iPhone Developer";
				"CODE_SIGN_IDENTITY[sdk=iphoneos*]" = "iPhone Developer";
				GCC_PRECOMPILE_PREFIX_HEADER = YES;
				GCC_PREFIX_HEADER = "Cards_Game/Cards Game-Prefix.pch";
				INFOPLIST_FILE = "Cards_Game/Cards Game-Info.plist";
				IPHONEOS_DEPLOYMENT_TARGET = 7.1;
				PRODUCT_NAME = "Cards Game";
				PROVISIONING_PROFILE = "";
				TARGETED_DEVICE_FAMILY = "1,2";
				WRAPPER_EXTENSION = app;
			};
			name = Release;
		};
		DE6C5A2918EF363E00E6D64D /* Debug */ = {
			isa = XCBuildConfiguration;
			buildSettings = {
				BUNDLE_LOADER = "$(BUILT_PRODUCTS_DIR)/Cards_Game.app/Cards_Game";
				FRAMEWORK_SEARCH_PATHS = (
					"$(SDKROOT)/Developer/Library/Frameworks",
					"$(inherited)",
					"$(DEVELOPER_FRAMEWORKS_DIR)",
				);
				GCC_PRECOMPILE_PREFIX_HEADER = YES;
				GCC_PREFIX_HEADER = "Cards_Game/Cards_Game-Prefix.pch";
				GCC_PREPROCESSOR_DEFINITIONS = (
					"DEBUG=1",
					"$(inherited)",
				);
				INFOPLIST_FILE = "Cards_GameTests/Cards_GameTests-Info.plist";
				PRODUCT_NAME = "Cards GameTests";
				TEST_HOST = "$(BUNDLE_LOADER)";
				WRAPPER_EXTENSION = xctest;
			};
			name = Debug;
		};
		DE6C5A2A18EF363E00E6D64D /* Release */ = {
			isa = XCBuildConfiguration;
			buildSettings = {
				BUNDLE_LOADER = "$(BUILT_PRODUCTS_DIR)/Cards_Game.app/Cards_Game";
				FRAMEWORK_SEARCH_PATHS = (
					"$(SDKROOT)/Developer/Library/Frameworks",
					"$(inherited)",
					"$(DEVELOPER_FRAMEWORKS_DIR)",
				);
				GCC_PRECOMPILE_PREFIX_HEADER = YES;
				GCC_PREFIX_HEADER = "Cards_Game/Cards_Game-Prefix.pch";
				INFOPLIST_FILE = "Cards_GameTests/Cards_GameTests-Info.plist";
				PRODUCT_NAME = "Cards GameTests";
				TEST_HOST = "$(BUNDLE_LOADER)";
				WRAPPER_EXTENSION = xctest;
			};
			name = Release;
		};
/* End XCBuildConfiguration section */

/* Begin XCConfigurationList section */
		DE6C59EE18EF363E00E6D64D /* Build configuration list for PBXProject "Cards Game" */ = {
			isa = XCConfigurationList;
			buildConfigurations = (
				DE6C5A2318EF363E00E6D64D /* Debug */,
				DE6C5A2418EF363E00E6D64D /* Release */,
			);
			defaultConfigurationIsVisible = 0;
			defaultConfigurationName = Release;
		};
		DE6C5A2518EF363E00E6D64D /* Build configuration list for PBXNativeTarget "Cards Game" */ = {
			isa = XCConfigurationList;
			buildConfigurations = (
				DE6C5A2618EF363E00E6D64D /* Debug */,
				DE6C5A2718EF363E00E6D64D /* Release */,
			);
			defaultConfigurationIsVisible = 0;
			defaultConfigurationName = Release;
		};
		DE6C5A2818EF363E00E6D64D /* Build configuration list for PBXNativeTarget "Cards GameTests" */ = {
			isa = XCConfigurationList;
			buildConfigurations = (
				DE6C5A2918EF363E00E6D64D /* Debug */,
				DE6C5A2A18EF363E00E6D64D /* Release */,
			);
			defaultConfigurationIsVisible = 0;
			defaultConfigurationName = Release;
		};
/* End XCConfigurationList section */
	};
	rootObject = DE6C59EB18EF363E00E6D64D /* Project object */;
}
